
Microsoft Visual Studio Solution File, Format Version 12.00
Project("{FAE04EC0-301F-11D3-BF4B-00C04F79EFBC}") = "IsoDemo", "IsoDemo\IsoDemo.csproj", "{F193FA41-B543-4BE9-8954-10538FC94885}"
EndProject
Global
	GlobalSection(SolutionConfigurationPlatforms) = preSolution
		Debug|Any CPU = Debug|Any CPU
		Release|Any CPU = Release|Any CPU
	EndGlobalSection
	GlobalSection(ProjectConfigurationPlatforms) = postSolution
		{F193FA41-B543-4BE9-8954-10538FC94885}.Debug|Any CPU.ActiveCfg = Debug|Any CPU
		{F193FA41-B543-4BE9-8954-10538FC94885}.Debug|Any CPU.Build.0 = Debug|Any CPU
		{F193FA41-B543-4BE9-8954-10538FC94885}.Release|Any CPU.ActiveCfg = Release|Any CPU
		{F193FA41-B543-4BE9-8954-10538FC94885}.Release|Any CPU.Build.0 = Release|Any CPU
	EndGlobalSection
EndGlobal
